
Microsoft Visual Studio Solution File, Format Version 12.00
# Visual Studio Version 17
VisualStudioVersion = 17.0.31903.59
MinimumVisualStudioVersion = 10.0.40219.1
Project("{FAE04EC0-301F-11D3-BF4B-00C04F79EFBC}") = "Domain", "Domain\Domain.csproj", "{0026E352-BF04-4F45-A1EB-83CE657C0676}"
EndProject
Project("{FAE04EC0-301F-11D3-BF4B-00C04F79EFBC}") = "Infrastructure", "Infrastructure\Infrastructure.csproj", "{DCCF296D-CEB9-4CCF-9DC4-FF590A8B4362}"
EndProject
Project("{FAE04EC0-301F-11D3-BF4B-00C04F79EFBC}") = "WebApi", "WebApi\WebApi.csproj", "{44C7EF85-5AE1-4F90-B5CC-637BB40A0D1D}"
EndProject
Global
	GlobalSection(SolutionConfigurationPlatforms) = preSolution
		Debug|Any CPU = Debug|Any CPU
		Release|Any CPU = Release|Any CPU
	EndGlobalSection
	GlobalSection(SolutionProperties) = preSolution
		HideSolutionNode = FALSE
	EndGlobalSection
	GlobalSection(ProjectConfigurationPlatforms) = postSolution
		{0026E352-BF04-4F45-A1EB-83CE657C0676}.Debug|Any CPU.ActiveCfg = Debug|Any CPU
		{0026E352-BF04-4F45-A1EB-83CE657C0676}.Debug|Any CPU.Build.0 = Debug|Any CPU
		{0026E352-BF04-4F45-A1EB-83CE657C0676}.Release|Any CPU.ActiveCfg = Release|Any CPU
		{0026E352-BF04-4F45-A1EB-83CE657C0676}.Release|Any CPU.Build.0 = Release|Any CPU
		{DCCF296D-CEB9-4CCF-9DC4-FF590A8B4362}.Debug|Any CPU.ActiveCfg = Debug|Any CPU
		{DCCF296D-CEB9-4CCF-9DC4-FF590A8B4362}.Debug|Any CPU.Build.0 = Debug|Any CPU
		{DCCF296D-CEB9-4CCF-9DC4-FF590A8B4362}.Release|Any CPU.ActiveCfg = Release|Any CPU
		{DCCF296D-CEB9-4CCF-9DC4-FF590A8B4362}.Release|Any CPU.Build.0 = Release|Any CPU
		{44C7EF85-5AE1-4F90-B5CC-637BB40A0D1D}.Debug|Any CPU.ActiveCfg = Debug|Any CPU
		{44C7EF85-5AE1-4F90-B5CC-637BB40A0D1D}.Debug|Any CPU.Build.0 = Debug|Any CPU
		{44C7EF85-5AE1-4F90-B5CC-637BB40A0D1D}.Release|Any CPU.ActiveCfg = Release|Any CPU
		{44C7EF85-5AE1-4F90-B5CC-637BB40A0D1D}.Release|Any CPU.Build.0 = Release|Any CPU
	EndGlobalSection
EndGlobal
